
Microsoft Visual Studio Solution File, Format Version 12.00
# Visual Studio Version 17
VisualStudioVersion = 17.0.31912.275
MinimumVisualStudioVersion = 10.0.40219.1
Project("{D954291E-2A0B-460D-934E-DC6B0785DB48}") = "RyderDisplay.Shared", "RyderDisplay\RyderDisplay.Shared\RyderDisplay.Shared.shproj", "{6279C845-92F8-4333-AB99-3D213163593C}"
EndProject
Project("{2150E333-8FDC-42A3-9474-1A3956D46DE8}") = "Platforms", "Platforms", "{EBCFF66D-F185-4AFA-9ECA-9EB2B07383E5}"
EndProject
Project("{FAE04EC0-301F-11D3-BF4B-00C04F79EFBC}") = "RyderDisplay.Droid", "RyderDisplay\RyderDisplay.Droid\RyderDisplay.Droid.csproj", "{A415768D-5BE8-4655-AD98-266C259370B0}"
EndProject
Project("{FAE04EC0-301F-11D3-BF4B-00C04F79EFBC}") = "RyderDisplay.iOS", "RyderDisplay\RyderDisplay.iOS\RyderDisplay.iOS.csproj", "{420CD895-073C-4E6E-832F-C6FE359A251C}"
EndProject
Project("{FAE04EC0-301F-11D3-BF4B-00C04F79EFBC}") = "RyderDisplay.UWP", "RyderDisplay\RyderDisplay.UWP\RyderDisplay.UWP.csproj", "{5C70C219-DC8C-4756-B348-23E455E08835}"
EndProject
Project("{FAE04EC0-301F-11D3-BF4B-00C04F79EFBC}") = "RyderDisplay.Wasm", "RyderDisplay\RyderDisplay.Wasm\RyderDisplay.Wasm.csproj", "{52C1AAB7-0ADA-44DF-886D-141EFF2EA9BF}"
EndProject
Project("{FAE04EC0-301F-11D3-BF4B-00C04F79EFBC}") = "RyderDisplay.macOS", "RyderDisplay\RyderDisplay.macOS\RyderDisplay.macOS.csproj", "{1F3D908A-5EB9-4936-AF79-9CC42059A86F}"
EndProject
Project("{FAE04EC0-301F-11D3-BF4B-00C04F79EFBC}") = "RyderDisplay.Skia.Wpf.Host", "RyderDisplay\RyderDisplay.Skia.Wpf.Host\RyderDisplay.Skia.Wpf.Host.csproj", "{A2CA3C72-9929-4276-885C-2F5B7A8F2A49}"
EndProject
Project("{FAE04EC0-301F-11D3-BF4B-00C04F79EFBC}") = "RyderDisplay.Skia.Wpf", "RyderDisplay\RyderDisplay.Skia.Wpf\RyderDisplay.Skia.Wpf.csproj", "{BDB73001-B615-460F-AE53-6DACA600D3ED}"
EndProject
Project("{FAE04EC0-301F-11D3-BF4B-00C04F79EFBC}") = "RyderDisplay.Skia.Gtk", "RyderDisplay\RyderDisplay.Skia.Gtk\RyderDisplay.Skia.Gtk.csproj", "{87968C0B-39A2-4E41-8C63-BF8E6A1F18FE}"
EndProject
Project("{FAE04EC0-301F-11D3-BF4B-00C04F79EFBC}") = "RyderDisplay.Skia.Tizen", "RyderDisplay\RyderDisplay.Skia.Tizen\RyderDisplay.Skia.Tizen.csproj", "{8BE9ECF9-4B38-4EA2-804D-5D0714585D46}"
EndProject
Global
	GlobalSection(SharedMSBuildProjectFiles) = preSolution
		RyderDisplay\RyderDisplay.Shared\RyderDisplay.Shared.projitems*{1f3d908a-5eb9-4936-af79-9cc42059a86f}*SharedItemsImports = 4
		RyderDisplay\RyderDisplay.Shared\RyderDisplay.Shared.projitems*{420cd895-073c-4e6e-832f-c6fe359a251c}*SharedItemsImports = 4
		RyderDisplay\RyderDisplay.Shared\RyderDisplay.Shared.projitems*{52c1aab7-0ada-44df-886d-141eff2ea9bf}*SharedItemsImports = 5
		RyderDisplay\RyderDisplay.Shared\RyderDisplay.Shared.projitems*{5c70c219-dc8c-4756-b348-23e455e08835}*SharedItemsImports = 4
		RyderDisplay\RyderDisplay.Shared\RyderDisplay.Shared.projitems*{6279c845-92f8-4333-ab99-3d213163593c}*SharedItemsImports = 13
		RyderDisplay\RyderDisplay.Shared\RyderDisplay.Shared.projitems*{87968c0b-39a2-4e41-8c63-bf8e6a1f18fe}*SharedItemsImports = 5
		RyderDisplay\RyderDisplay.Shared\RyderDisplay.Shared.projitems*{8be9ecf9-4b38-4ea2-804d-5d0714585d46}*SharedItemsImports = 5
		RyderDisplay\RyderDisplay.Shared\RyderDisplay.Shared.projitems*{a415768d-5be8-4655-ad98-266c259370b0}*SharedItemsImports = 4
		RyderDisplay\RyderDisplay.Shared\RyderDisplay.Shared.projitems*{bdb73001-b615-460f-ae53-6daca600d3ed}*SharedItemsImports = 5
	EndGlobalSection
	GlobalSection(SolutionConfigurationPlatforms) = preSolution
		Ad-Hoc|Any CPU = Ad-Hoc|Any CPU
		Ad-Hoc|ARM = Ad-Hoc|ARM
		Ad-Hoc|ARM64 = Ad-Hoc|ARM64
		Ad-Hoc|iPhone = Ad-Hoc|iPhone
		Ad-Hoc|iPhoneSimulator = Ad-Hoc|iPhoneSimulator
		Ad-Hoc|x64 = Ad-Hoc|x64
		Ad-Hoc|x86 = Ad-Hoc|x86
		AppStore|Any CPU = AppStore|Any CPU
		AppStore|ARM = AppStore|ARM
		AppStore|ARM64 = AppStore|ARM64
		AppStore|iPhone = AppStore|iPhone
		AppStore|iPhoneSimulator = AppStore|iPhoneSimulator
		AppStore|x64 = AppStore|x64
		AppStore|x86 = AppStore|x86
		Debug|Any CPU = Debug|Any CPU
		Debug|ARM = Debug|ARM
		Debug|ARM64 = Debug|ARM64
		Debug|iPhone = Debug|iPhone
		Debug|iPhoneSimulator = Debug|iPhoneSimulator
		Debug|x64 = Debug|x64
		Debug|x86 = Debug|x86
		Release|Any CPU = Release|Any CPU
		Release|ARM = Release|ARM
		Release|ARM64 = Release|ARM64
		Release|iPhone = Release|iPhone
		Release|iPhoneSimulator = Release|iPhoneSimulator
		Release|x64 = Release|x64
		Release|x86 = Release|x86
	EndGlobalSection
	GlobalSection(ProjectConfigurationPlatforms) = postSolution
		{A415768D-5BE8-4655-AD98-266C259370B0}.Ad-Hoc|Any CPU.ActiveCfg = Debug|Any CPU
		{A415768D-5BE8-4655-AD98-266C259370B0}.Ad-Hoc|Any CPU.Build.0 = Debug|Any CPU
		{A415768D-5BE8-4655-AD98-266C259370B0}.Ad-Hoc|Any CPU.Deploy.0 = Debug|Any CPU
		{A415768D-5BE8-4655-AD98-266C259370B0}.Ad-Hoc|ARM.ActiveCfg = Debug|Any CPU
		{A415768D-5BE8-4655-AD98-266C259370B0}.Ad-Hoc|ARM.Build.0 = Debug|Any CPU
		{A415768D-5BE8-4655-AD98-266C259370B0}.Ad-Hoc|ARM.Deploy.0 = Debug|Any CPU
		{A415768D-5BE8-4655-AD98-266C259370B0}.Ad-Hoc|ARM64.ActiveCfg = Debug|Any CPU
		{A415768D-5BE8-4655-AD98-266C259370B0}.Ad-Hoc|ARM64.Build.0 = Debug|Any CPU
		{A415768D-5BE8-4655-AD98-266C259370B0}.Ad-Hoc|ARM64.Deploy.0 = Debug|Any CPU
		{A415768D-5BE8-4655-AD98-266C259370B0}.Ad-Hoc|iPhone.ActiveCfg = Debug|Any CPU
		{A415768D-5BE8-4655-AD98-266C259370B0}.Ad-Hoc|iPhone.Build.0 = Debug|Any CPU
		{A415768D-5BE8-4655-AD98-266C259370B0}.Ad-Hoc|iPhone.Deploy.0 = Debug|Any CPU
		{A415768D-5BE8-4655-AD98-266C259370B0}.Ad-Hoc|iPhoneSimulator.ActiveCfg = Debug|Any CPU
		{A415768D-5BE8-4655-AD98-266C259370B0}.Ad-Hoc|iPhoneSimulator.Build.0 = Debug|Any CPU
		{A415768D-5BE8-4655-AD98-266C259370B0}.Ad-Hoc|iPhoneSimulator.Deploy.0 = Debug|Any CPU
		{A415768D-5BE8-4655-AD98-266C259370B0}.Ad-Hoc|x64.ActiveCfg = Debug|Any CPU
		{A415768D-5BE8-4655-AD98-266C259370B0}.Ad-Hoc|x64.Build.0 = Debug|Any CPU
		{A415768D-5BE8-4655-AD98-266C259370B0}.Ad-Hoc|x64.Deploy.0 = Debug|Any CPU
		{A415768D-5BE8-4655-AD98-266C259370B0}.Ad-Hoc|x86.ActiveCfg = Debug|Any CPU
		{A415768D-5BE8-4655-AD98-266C259370B0}.Ad-Hoc|x86.Build.0 = Debug|Any CPU
		{A415768D-5BE8-4655-AD98-266C259370B0}.Ad-Hoc|x86.Deploy.0 = Debug|Any CPU
		{A415768D-5BE8-4655-AD98-266C259370B0}.AppStore|Any CPU.ActiveCfg = Debug|Any CPU
		{A415768D-5BE8-4655-AD98-266C259370B0}.AppStore|Any CPU.Build.0 = Debug|Any CPU
		{A415768D-5BE8-4655-AD98-266C259370B0}.AppStore|Any CPU.Deploy.0 = Debug|Any CPU
		{A415768D-5BE8-4655-AD98-266C259370B0}.AppStore|ARM.ActiveCfg = Debug|Any CPU
		{A415768D-5BE8-4655-AD98-266C259370B0}.AppStore|ARM.Build.0 = Debug|Any CPU
		{A415768D-5BE8-4655-AD98-266C259370B0}.AppStore|ARM.Deploy.0 = Debug|Any CPU
		{A415768D-5BE8-4655-AD98-266C259370B0}.AppStore|ARM64.ActiveCfg = Debug|Any CPU
		{A415768D-5BE8-4655-AD98-266C259370B0}.AppStore|ARM64.Build.0 = Debug|Any CPU
		{A415768D-5BE8-4655-AD98-266C259370B0}.AppStore|ARM64.Deploy.0 = Debug|Any CPU
		{A415768D-5BE8-4655-AD98-266C259370B0}.AppStore|iPhone.ActiveCfg = Debug|Any CPU
		{A415768D-5BE8-4655-AD98-266C259370B0}.AppStore|iPhone.Build.0 = Debug|Any CPU
		{A415768D-5BE8-4655-AD98-266C259370B0}.AppStore|iPhone.Deploy.0 = Debug|Any CPU
		{A415768D-5BE8-4655-AD98-266C259370B0}.AppStore|iPhoneSimulator.ActiveCfg = Debug|Any CPU
		{A415768D-5BE8-4655-AD98-266C259370B0}.AppStore|iPhoneSimulator.Build.0 = Debug|Any CPU
		{A415768D-5BE8-4655-AD98-266C259370B0}.AppStore|iPhoneSimulator.Deploy.0 = Debug|Any CPU
		{A415768D-5BE8-4655-AD98-266C259370B0}.AppStore|x64.ActiveCfg = Debug|Any CPU
		{A415768D-5BE8-4655-AD98-266C259370B0}.AppStore|x64.Build.0 = Debug|Any CPU
		{A415768D-5BE8-4655-AD98-266C259370B0}.AppStore|x64.Deploy.0 = Debug|Any CPU
		{A415768D-5BE8-4655-AD98-266C259370B0}.AppStore|x86.ActiveCfg = Debug|Any CPU
		{A415768D-5BE8-4655-AD98-266C259370B0}.AppStore|x86.Build.0 = Debug|Any CPU
		{A415768D-5BE8-4655-AD98-266C259370B0}.AppStore|x86.Deploy.0 = Debug|Any CPU
		{A415768D-5BE8-4655-AD98-266C259370B0}.Debug|Any CPU.ActiveCfg = Debug|Any CPU
		{A415768D-5BE8-4655-AD98-266C259370B0}.Debug|Any CPU.Build.0 = Debug|Any CPU
		{A415768D-5BE8-4655-AD98-266C259370B0}.Debug|Any CPU.Deploy.0 = Debug|Any CPU
		{A415768D-5BE8-4655-AD98-266C259370B0}.Debug|ARM.ActiveCfg = Debug|Any CPU
		{A415768D-5BE8-4655-AD98-266C259370B0}.Debug|ARM.Build.0 = Debug|Any CPU
		{A415768D-5BE8-4655-AD98-266C259370B0}.Debug|ARM.Deploy.0 = Debug|Any CPU
		{A415768D-5BE8-4655-AD98-266C259370B0}.Debug|ARM64.ActiveCfg = Debug|Any CPU
		{A415768D-5BE8-4655-AD98-266C259370B0}.Debug|ARM64.Build.0 = Debug|Any CPU
		{A415768D-5BE8-4655-AD98-266C259370B0}.Debug|ARM64.Deploy.0 = Debug|Any CPU
		{A415768D-5BE8-4655-AD98-266C259370B0}.Debug|iPhone.ActiveCfg = Debug|Any CPU
		{A415768D-5BE8-4655-AD98-266C259370B0}.Debug|iPhone.Build.0 = Debug|Any CPU
		{A415768D-5BE8-4655-AD98-266C259370B0}.Debug|iPhone.Deploy.0 = Debug|Any CPU
		{A415768D-5BE8-4655-AD98-266C259370B0}.Debug|iPhoneSimulator.ActiveCfg = Debug|Any CPU
		{A415768D-5BE8-4655-AD98-266C259370B0}.Debug|iPhoneSimulator.Build.0 = Debug|Any CPU
		{A415768D-5BE8-4655-AD98-266C259370B0}.Debug|iPhoneSimulator.Deploy.0 = Debug|Any CPU
		{A415768D-5BE8-4655-AD98-266C259370B0}.Debug|x64.ActiveCfg = Debug|Any CPU
		{A415768D-5BE8-4655-AD98-266C259370B0}.Debug|x64.Build.0 = Debug|Any CPU
		{A415768D-5BE8-4655-AD98-266C259370B0}.Debug|x64.Deploy.0 = Debug|Any CPU
		{A415768D-5BE8-4655-AD98-266C259370B0}.Debug|x86.ActiveCfg = Debug|Any CPU
		{A415768D-5BE8-4655-AD98-266C259370B0}.Debug|x86.Build.0 = Debug|Any CPU
		{A415768D-5BE8-4655-AD98-266C259370B0}.Debug|x86.Deploy.0 = Debug|Any CPU
		{A415768D-5BE8-4655-AD98-266C259370B0}.Release|Any CPU.ActiveCfg = Release|Any CPU
		{A415768D-5BE8-4655-AD98-266C259370B0}.Release|Any CPU.Build.0 = Release|Any CPU
		{A415768D-5BE8-4655-AD98-266C259370B0}.Release|Any CPU.Deploy.0 = Release|Any CPU
		{A415768D-5BE8-4655-AD98-266C259370B0}.Release|ARM.ActiveCfg = Release|Any CPU
		{A415768D-5BE8-4655-AD98-266C259370B0}.Release|ARM.Build.0 = Release|Any CPU
		{A415768D-5BE8-4655-AD98-266C259370B0}.Release|ARM.Deploy.0 = Release|Any CPU
		{A415768D-5BE8-4655-AD98-266C259370B0}.Release|ARM64.ActiveCfg = Release|Any CPU
		{A415768D-5BE8-4655-AD98-266C259370B0}.Release|ARM64.Build.0 = Release|Any CPU
		{A415768D-5BE8-4655-AD98-266C259370B0}.Release|ARM64.Deploy.0 = Release|Any CPU
		{A415768D-5BE8-4655-AD98-266C259370B0}.Release|iPhone.ActiveCfg = Release|Any CPU
		{A415768D-5BE8-4655-AD98-266C259370B0}.Release|iPhone.Build.0 = Release|Any CPU
		{A415768D-5BE8-4655-AD98-266C259370B0}.Release|iPhone.Deploy.0 = Release|Any CPU
		{A415768D-5BE8-4655-AD98-266C259370B0}.Release|iPhoneSimulator.ActiveCfg = Release|Any CPU
		{A415768D-5BE8-4655-AD98-266C259370B0}.Release|iPhoneSimulator.Build.0 = Release|Any CPU
		{A415768D-5BE8-4655-AD98-266C259370B0}.Release|iPhoneSimulator.Deploy.0 = Release|Any CPU
		{A415768D-5BE8-4655-AD98-266C259370B0}.Release|x64.ActiveCfg = Release|Any CPU
		{A415768D-5BE8-4655-AD98-266C259370B0}.Release|x64.Build.0 = Release|Any CPU
		{A415768D-5BE8-4655-AD98-266C259370B0}.Release|x64.Deploy.0 = Release|Any CPU
		{A415768D-5BE8-4655-AD98-266C259370B0}.Release|x86.ActiveCfg = Release|Any CPU
		{A415768D-5BE8-4655-AD98-266C259370B0}.Release|x86.Build.0 = Release|Any CPU
		{A415768D-5BE8-4655-AD98-266C259370B0}.Release|x86.Deploy.0 = Release|Any CPU
		{420CD895-073C-4E6E-832F-C6FE359A251C}.Ad-Hoc|Any CPU.ActiveCfg = Ad-Hoc|iPhoneSimulator
		{420CD895-073C-4E6E-832F-C6FE359A251C}.Ad-Hoc|Any CPU.Build.0 = Ad-Hoc|iPhoneSimulator
		{420CD895-073C-4E6E-832F-C6FE359A251C}.Ad-Hoc|ARM.ActiveCfg = Ad-Hoc|iPhoneSimulator
		{420CD895-073C-4E6E-832F-C6FE359A251C}.Ad-Hoc|ARM.Build.0 = Ad-Hoc|iPhoneSimulator
		{420CD895-073C-4E6E-832F-C6FE359A251C}.Ad-Hoc|ARM64.ActiveCfg = Ad-Hoc|iPhoneSimulator
		{420CD895-073C-4E6E-832F-C6FE359A251C}.Ad-Hoc|ARM64.Build.0 = Ad-Hoc|iPhoneSimulator
		{420CD895-073C-4E6E-832F-C6FE359A251C}.Ad-Hoc|iPhone.ActiveCfg = Ad-Hoc|iPhone
		{420CD895-073C-4E6E-832F-C6FE359A251C}.Ad-Hoc|iPhone.Build.0 = Ad-Hoc|iPhone
		{420CD895-073C-4E6E-832F-C6FE359A251C}.Ad-Hoc|iPhoneSimulator.ActiveCfg = Ad-Hoc|iPhoneSimulator
		{420CD895-073C-4E6E-832F-C6FE359A251C}.Ad-Hoc|iPhoneSimulator.Build.0 = Ad-Hoc|iPhoneSimulator
		{420CD895-073C-4E6E-832F-C6FE359A251C}.Ad-Hoc|x64.ActiveCfg = Ad-Hoc|iPhoneSimulator
		{420CD895-073C-4E6E-832F-C6FE359A251C}.Ad-Hoc|x64.Build.0 = Ad-Hoc|iPhoneSimulator
		{420CD895-073C-4E6E-832F-C6FE359A251C}.Ad-Hoc|x86.ActiveCfg = Ad-Hoc|iPhoneSimulator
		{420CD895-073C-4E6E-832F-C6FE359A251C}.Ad-Hoc|x86.Build.0 = Ad-Hoc|iPhoneSimulator
		{420CD895-073C-4E6E-832F-C6FE359A251C}.AppStore|Any CPU.ActiveCfg = AppStore|iPhoneSimulator
		{420CD895-073C-4E6E-832F-C6FE359A251C}.AppStore|Any CPU.Build.0 = AppStore|iPhoneSimulator
		{420CD895-073C-4E6E-832F-C6FE359A251C}.AppStore|ARM.ActiveCfg = AppStore|iPhoneSimulator
		{420CD895-073C-4E6E-832F-C6FE359A251C}.AppStore|ARM.Build.0 = AppStore|iPhoneSimulator
		{420CD895-073C-4E6E-832F-C6FE359A251C}.AppStore|ARM64.ActiveCfg = AppStore|iPhoneSimulator
		{420CD895-073C-4E6E-832F-C6FE359A251C}.AppStore|ARM64.Build.0 = AppStore|iPhoneSimulator
		{420CD895-073C-4E6E-832F-C6FE359A251C}.AppStore|iPhone.ActiveCfg = AppStore|iPhone
		{420CD895-073C-4E6E-832F-C6FE359A251C}.AppStore|iPhone.Build.0 = AppStore|iPhone
		{420CD895-073C-4E6E-832F-C6FE359A251C}.AppStore|iPhoneSimulator.ActiveCfg = AppStore|iPhoneSimulator
		{420CD895-073C-4E6E-832F-C6FE359A251C}.AppStore|iPhoneSimulator.Build.0 = AppStore|iPhoneSimulator
		{420CD895-073C-4E6E-832F-C6FE359A251C}.AppStore|x64.ActiveCfg = AppStore|iPhoneSimulator
		{420CD895-073C-4E6E-832F-C6FE359A251C}.AppStore|x64.Build.0 = AppStore|iPhoneSimulator
		{420CD895-073C-4E6E-832F-C6FE359A251C}.AppStore|x86.ActiveCfg = AppStore|iPhoneSimulator
		{420CD895-073C-4E6E-832F-C6FE359A251C}.AppStore|x86.Build.0 = AppStore|iPhoneSimulator
		{420CD895-073C-4E6E-832F-C6FE359A251C}.Debug|Any CPU.ActiveCfg = Debug|iPhoneSimulator
		{420CD895-073C-4E6E-832F-C6FE359A251C}.Debug|Any CPU.Build.0 = Debug|iPhoneSimulator
		{420CD895-073C-4E6E-832F-C6FE359A251C}.Debug|ARM.ActiveCfg = Debug|iPhoneSimulator
		{420CD895-073C-4E6E-832F-C6FE359A251C}.Debug|ARM.Build.0 = Debug|iPhoneSimulator
		{420CD895-073C-4E6E-832F-C6FE359A251C}.Debug|ARM64.ActiveCfg = Debug|iPhoneSimulator
		{420CD895-073C-4E6E-832F-C6FE359A251C}.Debug|ARM64.Build.0 = Debug|iPhoneSimulator
		{420CD895-073C-4E6E-832F-C6FE359A251C}.Debug|iPhone.ActiveCfg = Debug|iPhone
		{420CD895-073C-4E6E-832F-C6FE359A251C}.Debug|iPhone.Build.0 = Debug|iPhone
		{420CD895-073C-4E6E-832F-C6FE359A251C}.Debug|iPhoneSimulator.ActiveCfg = Debug|iPhoneSimulator
		{420CD895-073C-4E6E-832F-C6FE359A251C}.Debug|iPhoneSimulator.Build.0 = Debug|iPhoneSimulator
		{420CD895-073C-4E6E-832F-C6FE359A251C}.Debug|x64.ActiveCfg = Debug|iPhoneSimulator
		{420CD895-073C-4E6E-832F-C6FE359A251C}.Debug|x64.Build.0 = Debug|iPhoneSimulator
		{420CD895-073C-4E6E-832F-C6FE359A251C}.Debug|x86.ActiveCfg = Debug|iPhoneSimulator
		{420CD895-073C-4E6E-832F-C6FE359A251C}.Debug|x86.Build.0 = Debug|iPhoneSimulator
		{420CD895-073C-4E6E-832F-C6FE359A251C}.Release|Any CPU.ActiveCfg = Release|iPhoneSimulator
		{420CD895-073C-4E6E-832F-C6FE359A251C}.Release|Any CPU.Build.0 = Release|iPhoneSimulator
		{420CD895-073C-4E6E-832F-C6FE359A251C}.Release|ARM.ActiveCfg = Release|iPhoneSimulator
		{420CD895-073C-4E6E-832F-C6FE359A251C}.Release|ARM.Build.0 = Release|iPhoneSimulator
		{420CD895-073C-4E6E-832F-C6FE359A251C}.Release|ARM64.ActiveCfg = Release|iPhoneSimulator
		{420CD895-073C-4E6E-832F-C6FE359A251C}.Release|ARM64.Build.0 = Release|iPhoneSimulator
		{420CD895-073C-4E6E-832F-C6FE359A251C}.Release|iPhone.ActiveCfg = Release|iPhone
		{420CD895-073C-4E6E-832F-C6FE359A251C}.Release|iPhone.Build.0 = Release|iPhone
		{420CD895-073C-4E6E-832F-C6FE359A251C}.Release|iPhoneSimulator.ActiveCfg = Release|iPhoneSimulator
		{420CD895-073C-4E6E-832F-C6FE359A251C}.Release|iPhoneSimulator.Build.0 = Release|iPhoneSimulator
		{420CD895-073C-4E6E-832F-C6FE359A251C}.Release|x64.ActiveCfg = Release|iPhoneSimulator
		{420CD895-073C-4E6E-832F-C6FE359A251C}.Release|x64.Build.0 = Release|iPhoneSimulator
		{420CD895-073C-4E6E-832F-C6FE359A251C}.Release|x86.ActiveCfg = Release|iPhoneSimulator
		{420CD895-073C-4E6E-832F-C6FE359A251C}.Release|x86.Build.0 = Release|iPhoneSimulator
		{5C70C219-DC8C-4756-B348-23E455E08835}.Ad-Hoc|Any CPU.ActiveCfg = Debug|x86
		{5C70C219-DC8C-4756-B348-23E455E08835}.Ad-Hoc|Any CPU.Build.0 = Debug|x86
		{5C70C219-DC8C-4756-B348-23E455E08835}.Ad-Hoc|Any CPU.Deploy.0 = Debug|x86
		{5C70C219-DC8C-4756-B348-23E455E08835}.Ad-Hoc|ARM.ActiveCfg = Debug|ARM
		{5C70C219-DC8C-4756-B348-23E455E08835}.Ad-Hoc|ARM.Build.0 = Debug|ARM
		{5C70C219-DC8C-4756-B348-23E455E08835}.Ad-Hoc|ARM.Deploy.0 = Debug|ARM
		{5C70C219-DC8C-4756-B348-23E455E08835}.Ad-Hoc|ARM64.ActiveCfg = Debug|ARM64
		{5C70C219-DC8C-4756-B348-23E455E08835}.Ad-Hoc|ARM64.Build.0 = Debug|ARM64
		{5C70C219-DC8C-4756-B348-23E455E08835}.Ad-Hoc|ARM64.Deploy.0 = Debug|ARM64
		{5C70C219-DC8C-4756-B348-23E455E08835}.Ad-Hoc|iPhone.ActiveCfg = Debug|x86
		{5C70C219-DC8C-4756-B348-23E455E08835}.Ad-Hoc|iPhone.Build.0 = Debug|x86
		{5C70C219-DC8C-4756-B348-23E455E08835}.Ad-Hoc|iPhone.Deploy.0 = Debug|x86
		{5C70C219-DC8C-4756-B348-23E455E08835}.Ad-Hoc|iPhoneSimulator.ActiveCfg = Debug|x86
		{5C70C219-DC8C-4756-B348-23E455E08835}.Ad-Hoc|iPhoneSimulator.Build.0 = Debug|x86
		{5C70C219-DC8C-4756-B348-23E455E08835}.Ad-Hoc|iPhoneSimulator.Deploy.0 = Debug|x86
		{5C70C219-DC8C-4756-B348-23E455E08835}.Ad-Hoc|x64.ActiveCfg = Debug|x64
		{5C70C219-DC8C-4756-B348-23E455E08835}.Ad-Hoc|x64.Build.0 = Debug|x64
		{5C70C219-DC8C-4756-B348-23E455E08835}.Ad-Hoc|x64.Deploy.0 = Debug|x64
		{5C70C219-DC8C-4756-B348-23E455E08835}.Ad-Hoc|x86.ActiveCfg = Debug|x86
		{5C70C219-DC8C-4756-B348-23E455E08835}.Ad-Hoc|x86.Build.0 = Debug|x86
		{5C70C219-DC8C-4756-B348-23E455E08835}.Ad-Hoc|x86.Deploy.0 = Debug|x86
		{5C70C219-DC8C-4756-B348-23E455E08835}.AppStore|Any CPU.ActiveCfg = Debug|x86
		{5C70C219-DC8C-4756-B348-23E455E08835}.AppStore|Any CPU.Build.0 = Debug|x86
		{5C70C219-DC8C-4756-B348-23E455E08835}.AppStore|Any CPU.Deploy.0 = Debug|x86
		{5C70C219-DC8C-4756-B348-23E455E08835}.AppStore|ARM.ActiveCfg = Debug|ARM
		{5C70C219-DC8C-4756-B348-23E455E08835}.AppStore|ARM.Build.0 = Debug|ARM
		{5C70C219-DC8C-4756-B348-23E455E08835}.AppStore|ARM.Deploy.0 = Debug|ARM
		{5C70C219-DC8C-4756-B348-23E455E08835}.AppStore|ARM64.ActiveCfg = Debug|ARM64
		{5C70C219-DC8C-4756-B348-23E455E08835}.AppStore|ARM64.Build.0 = Debug|ARM64
		{5C70C219-DC8C-4756-B348-23E455E08835}.AppStore|ARM64.Deploy.0 = Debug|ARM64
		{5C70C219-DC8C-4756-B348-23E455E08835}.AppStore|iPhone.ActiveCfg = Debug|x86
		{5C70C219-DC8C-4756-B348-23E455E08835}.AppStore|iPhone.Build.0 = Debug|x86
		{5C70C219-DC8C-4756-B348-23E455E08835}.AppStore|iPhone.Deploy.0 = Debug|x86
		{5C70C219-DC8C-4756-B348-23E455E08835}.AppStore|iPhoneSimulator.ActiveCfg = Debug|x86
		{5C70C219-DC8C-4756-B348-23E455E08835}.AppStore|iPhoneSimulator.Build.0 = Debug|x86
		{5C70C219-DC8C-4756-B348-23E455E08835}.AppStore|iPhoneSimulator.Deploy.0 = Debug|x86
		{5C70C219-DC8C-4756-B348-23E455E08835}.AppStore|x64.ActiveCfg = Debug|x64
		{5C70C219-DC8C-4756-B348-23E455E08835}.AppStore|x64.Build.0 = Debug|x64
		{5C70C219-DC8C-4756-B348-23E455E08835}.AppStore|x64.Deploy.0 = Debug|x64
		{5C70C219-DC8C-4756-B348-23E455E08835}.AppStore|x86.ActiveCfg = Debug|x86
		{5C70C219-DC8C-4756-B348-23E455E08835}.AppStore|x86.Build.0 = Debug|x86
		{5C70C219-DC8C-4756-B348-23E455E08835}.AppStore|x86.Deploy.0 = Debug|x86
		{5C70C219-DC8C-4756-B348-23E455E08835}.Debug|Any CPU.ActiveCfg = Debug|x64
		{5C70C219-DC8C-4756-B348-23E455E08835}.Debug|Any CPU.Build.0 = Debug|x64
		{5C70C219-DC8C-4756-B348-23E455E08835}.Debug|Any CPU.Deploy.0 = Debug|x64
		{5C70C219-DC8C-4756-B348-23E455E08835}.Debug|ARM.ActiveCfg = Debug|ARM
		{5C70C219-DC8C-4756-B348-23E455E08835}.Debug|ARM.Build.0 = Debug|ARM
		{5C70C219-DC8C-4756-B348-23E455E08835}.Debug|ARM.Deploy.0 = Debug|ARM
		{5C70C219-DC8C-4756-B348-23E455E08835}.Debug|ARM64.ActiveCfg = Debug|ARM64
		{5C70C219-DC8C-4756-B348-23E455E08835}.Debug|ARM64.Build.0 = Debug|ARM64
		{5C70C219-DC8C-4756-B348-23E455E08835}.Debug|ARM64.Deploy.0 = Debug|ARM64
		{5C70C219-DC8C-4756-B348-23E455E08835}.Debug|iPhone.ActiveCfg = Debug|x64
		{5C70C219-DC8C-4756-B348-23E455E08835}.Debug|iPhone.Build.0 = Debug|x64
		{5C70C219-DC8C-4756-B348-23E455E08835}.Debug|iPhone.Deploy.0 = Debug|x64
		{5C70C219-DC8C-4756-B348-23E455E08835}.Debug|iPhoneSimulator.ActiveCfg = Debug|x64
		{5C70C219-DC8C-4756-B348-23E455E08835}.Debug|iPhoneSimulator.Build.0 = Debug|x64
		{5C70C219-DC8C-4756-B348-23E455E08835}.Debug|iPhoneSimulator.Deploy.0 = Debug|x64
		{5C70C219-DC8C-4756-B348-23E455E08835}.Debug|x64.ActiveCfg = Debug|x64
		{5C70C219-DC8C-4756-B348-23E455E08835}.Debug|x64.Build.0 = Debug|x64
		{5C70C219-DC8C-4756-B348-23E455E08835}.Debug|x64.Deploy.0 = Debug|x64
		{5C70C219-DC8C-4756-B348-23E455E08835}.Debug|x86.ActiveCfg = Debug|x86
		{5C70C219-DC8C-4756-B348-23E455E08835}.Debug|x86.Build.0 = Debug|x86
		{5C70C219-DC8C-4756-B348-23E455E08835}.Debug|x86.Deploy.0 = Debug|x86
		{5C70C219-DC8C-4756-B348-23E455E08835}.Release|Any CPU.ActiveCfg = Release|x64
		{5C70C219-DC8C-4756-B348-23E455E08835}.Release|Any CPU.Build.0 = Release|x64
		{5C70C219-DC8C-4756-B348-23E455E08835}.Release|Any CPU.Deploy.0 = Release|x64
		{5C70C219-DC8C-4756-B348-23E455E08835}.Release|ARM.ActiveCfg = Release|ARM
		{5C70C219-DC8C-4756-B348-23E455E08835}.Release|ARM.Build.0 = Release|ARM
		{5C70C219-DC8C-4756-B348-23E455E08835}.Release|ARM.Deploy.0 = Release|ARM
		{5C70C219-DC8C-4756-B348-23E455E08835}.Release|ARM64.ActiveCfg = Release|ARM64
		{5C70C219-DC8C-4756-B348-23E455E08835}.Release|ARM64.Build.0 = Release|ARM64
		{5C70C219-DC8C-4756-B348-23E455E08835}.Release|ARM64.Deploy.0 = Release|ARM64
		{5C70C219-DC8C-4756-B348-23E455E08835}.Release|iPhone.ActiveCfg = Release|x64
		{5C70C219-DC8C-4756-B348-23E455E08835}.Release|iPhone.Build.0 = Release|x64
		{5C70C219-DC8C-4756-B348-23E455E08835}.Release|iPhone.Deploy.0 = Release|x64
		{5C70C219-DC8C-4756-B348-23E455E08835}.Release|iPhoneSimulator.ActiveCfg = Release|x64
		{5C70C219-DC8C-4756-B348-23E455E08835}.Release|iPhoneSimulator.Build.0 = Release|x64
		{5C70C219-DC8C-4756-B348-23E455E08835}.Release|iPhoneSimulator.Deploy.0 = Release|x64
		{5C70C219-DC8C-4756-B348-23E455E08835}.Release|x64.ActiveCfg = Release|x64
		{5C70C219-DC8C-4756-B348-23E455E08835}.Release|x64.Build.0 = Release|x64
		{5C70C219-DC8C-4756-B348-23E455E08835}.Release|x64.Deploy.0 = Release|x64
		{5C70C219-DC8C-4756-B348-23E455E08835}.Release|x86.ActiveCfg = Release|x86
		{5C70C219-DC8C-4756-B348-23E455E08835}.Release|x86.Build.0 = Release|x86
		{5C70C219-DC8C-4756-B348-23E455E08835}.Release|x86.Deploy.0 = Release|x86
		{52C1AAB7-0ADA-44DF-886D-141EFF2EA9BF}.Ad-Hoc|Any CPU.ActiveCfg = Debug|Any CPU
		{52C1AAB7-0ADA-44DF-886D-141EFF2EA9BF}.Ad-Hoc|Any CPU.Build.0 = Debug|Any CPU
		{52C1AAB7-0ADA-44DF-886D-141EFF2EA9BF}.Ad-Hoc|ARM.ActiveCfg = Debug|Any CPU
		{52C1AAB7-0ADA-44DF-886D-141EFF2EA9BF}.Ad-Hoc|ARM.Build.0 = Debug|Any CPU
		{52C1AAB7-0ADA-44DF-886D-141EFF2EA9BF}.Ad-Hoc|ARM64.ActiveCfg = Debug|Any CPU
		{52C1AAB7-0ADA-44DF-886D-141EFF2EA9BF}.Ad-Hoc|ARM64.Build.0 = Debug|Any CPU
		{52C1AAB7-0ADA-44DF-886D-141EFF2EA9BF}.Ad-Hoc|iPhone.ActiveCfg = Debug|Any CPU
		{52C1AAB7-0ADA-44DF-886D-141EFF2EA9BF}.Ad-Hoc|iPhone.Build.0 = Debug|Any CPU
		{52C1AAB7-0ADA-44DF-886D-141EFF2EA9BF}.Ad-Hoc|iPhoneSimulator.ActiveCfg = Debug|Any CPU
		{52C1AAB7-0ADA-44DF-886D-141EFF2EA9BF}.Ad-Hoc|iPhoneSimulator.Build.0 = Debug|Any CPU
		{52C1AAB7-0ADA-44DF-886D-141EFF2EA9BF}.Ad-Hoc|x64.ActiveCfg = Debug|Any CPU
		{52C1AAB7-0ADA-44DF-886D-141EFF2EA9BF}.Ad-Hoc|x64.Build.0 = Debug|Any CPU
		{52C1AAB7-0ADA-44DF-886D-141EFF2EA9BF}.Ad-Hoc|x86.ActiveCfg = Debug|Any CPU
		{52C1AAB7-0ADA-44DF-886D-141EFF2EA9BF}.Ad-Hoc|x86.Build.0 = Debug|Any CPU
		{52C1AAB7-0ADA-44DF-886D-141EFF2EA9BF}.AppStore|Any CPU.ActiveCfg = Debug|Any CPU
		{52C1AAB7-0ADA-44DF-886D-141EFF2EA9BF}.AppStore|Any CPU.Build.0 = Debug|Any CPU
		{52C1AAB7-0ADA-44DF-886D-141EFF2EA9BF}.AppStore|ARM.ActiveCfg = Debug|Any CPU
		{52C1AAB7-0ADA-44DF-886D-141EFF2EA9BF}.AppStore|ARM.Build.0 = Debug|Any CPU
		{52C1AAB7-0ADA-44DF-886D-141EFF2EA9BF}.AppStore|ARM64.ActiveCfg = Debug|Any CPU
		{52C1AAB7-0ADA-44DF-886D-141EFF2EA9BF}.AppStore|ARM64.Build.0 = Debug|Any CPU
		{52C1AAB7-0ADA-44DF-886D-141EFF2EA9BF}.AppStore|iPhone.ActiveCfg = Debug|Any CPU
		{52C1AAB7-0ADA-44DF-886D-141EFF2EA9BF}.AppStore|iPhone.Build.0 = Debug|Any CPU
		{52C1AAB7-0ADA-44DF-886D-141EFF2EA9BF}.AppStore|iPhoneSimulator.ActiveCfg = Debug|Any CPU
		{52C1AAB7-0ADA-44DF-886D-141EFF2EA9BF}.AppStore|iPhoneSimulator.Build.0 = Debug|Any CPU
		{52C1AAB7-0ADA-44DF-886D-141EFF2EA9BF}.AppStore|x64.ActiveCfg = Debug|Any CPU
		{52C1AAB7-0ADA-44DF-886D-141EFF2EA9BF}.AppStore|x64.Build.0 = Debug|Any CPU
		{52C1AAB7-0ADA-44DF-886D-141EFF2EA9BF}.AppStore|x86.ActiveCfg = Debug|Any CPU
		{52C1AAB7-0ADA-44DF-886D-141EFF2EA9BF}.AppStore|x86.Build.0 = Debug|Any CPU
		{52C1AAB7-0ADA-44DF-886D-141EFF2EA9BF}.Debug|Any CPU.ActiveCfg = Debug|Any CPU
		{52C1AAB7-0ADA-44DF-886D-141EFF2EA9BF}.Debug|Any CPU.Build.0 = Debug|Any CPU
		{52C1AAB7-0ADA-44DF-886D-141EFF2EA9BF}.Debug|ARM.ActiveCfg = Debug|Any CPU
		{52C1AAB7-0ADA-44DF-886D-141EFF2EA9BF}.Debug|ARM.Build.0 = Debug|Any CPU
		{52C1AAB7-0ADA-44DF-886D-141EFF2EA9BF}.Debug|ARM64.ActiveCfg = Debug|Any CPU
		{52C1AAB7-0ADA-44DF-886D-141EFF2EA9BF}.Debug|ARM64.Build.0 = Debug|Any CPU
		{52C1AAB7-0ADA-44DF-886D-141EFF2EA9BF}.Debug|iPhone.ActiveCfg = Debug|Any CPU
		{52C1AAB7-0ADA-44DF-886D-141EFF2EA9BF}.Debug|iPhone.Build.0 = Debug|Any CPU
		{52C1AAB7-0ADA-44DF-886D-141EFF2EA9BF}.Debug|iPhoneSimulator.ActiveCfg = Debug|Any CPU
		{52C1AAB7-0ADA-44DF-886D-141EFF2EA9BF}.Debug|iPhoneSimulator.Build.0 = Debug|Any CPU
		{52C1AAB7-0ADA-44DF-886D-141EFF2EA9BF}.Debug|x64.ActiveCfg = Debug|Any CPU
		{52C1AAB7-0ADA-44DF-886D-141EFF2EA9BF}.Debug|x64.Build.0 = Debug|Any CPU
		{52C1AAB7-0ADA-44DF-886D-141EFF2EA9BF}.Debug|x86.ActiveCfg = Debug|Any CPU
		{52C1AAB7-0ADA-44DF-886D-141EFF2EA9BF}.Debug|x86.Build.0 = Debug|Any CPU
		{52C1AAB7-0ADA-44DF-886D-141EFF2EA9BF}.Release|Any CPU.ActiveCfg = Release|Any CPU
		{52C1AAB7-0ADA-44DF-886D-141EFF2EA9BF}.Release|Any CPU.Build.0 = Release|Any CPU
		{52C1AAB7-0ADA-44DF-886D-141EFF2EA9BF}.Release|ARM.ActiveCfg = Release|Any CPU
		{52C1AAB7-0ADA-44DF-886D-141EFF2EA9BF}.Release|ARM.Build.0 = Release|Any CPU
		{52C1AAB7-0ADA-44DF-886D-141EFF2EA9BF}.Release|ARM64.ActiveCfg = Release|Any CPU
		{52C1AAB7-0ADA-44DF-886D-141EFF2EA9BF}.Release|ARM64.Build.0 = Release|Any CPU
		{52C1AAB7-0ADA-44DF-886D-141EFF2EA9BF}.Release|iPhone.ActiveCfg = Release|Any CPU
		{52C1AAB7-0ADA-44DF-886D-141EFF2EA9BF}.Release|iPhone.Build.0 = Release|Any CPU
		{52C1AAB7-0ADA-44DF-886D-141EFF2EA9BF}.Release|iPhoneSimulator.ActiveCfg = Release|Any CPU
		{52C1AAB7-0ADA-44DF-886D-141EFF2EA9BF}.Release|iPhoneSimulator.Build.0 = Release|Any CPU
		{52C1AAB7-0ADA-44DF-886D-141EFF2EA9BF}.Release|x64.ActiveCfg = Release|Any CPU
		{52C1AAB7-0ADA-44DF-886D-141EFF2EA9BF}.Release|x64.Build.0 = Release|Any CPU
		{52C1AAB7-0ADA-44DF-886D-141EFF2EA9BF}.Release|x86.ActiveCfg = Release|Any CPU
		{52C1AAB7-0ADA-44DF-886D-141EFF2EA9BF}.Release|x86.Build.0 = Release|Any CPU
		{1F3D908A-5EB9-4936-AF79-9CC42059A86F}.Ad-Hoc|Any CPU.ActiveCfg = Debug|iPhoneSimulator
		{1F3D908A-5EB9-4936-AF79-9CC42059A86F}.Ad-Hoc|Any CPU.Build.0 = Debug|iPhoneSimulator
		{1F3D908A-5EB9-4936-AF79-9CC42059A86F}.Ad-Hoc|ARM.ActiveCfg = Debug|iPhoneSimulator
		{1F3D908A-5EB9-4936-AF79-9CC42059A86F}.Ad-Hoc|ARM.Build.0 = Debug|iPhoneSimulator
		{1F3D908A-5EB9-4936-AF79-9CC42059A86F}.Ad-Hoc|ARM64.ActiveCfg = Debug|iPhoneSimulator
		{1F3D908A-5EB9-4936-AF79-9CC42059A86F}.Ad-Hoc|ARM64.Build.0 = Debug|iPhoneSimulator
		{1F3D908A-5EB9-4936-AF79-9CC42059A86F}.Ad-Hoc|iPhone.ActiveCfg = Debug|iPhoneSimulator
		{1F3D908A-5EB9-4936-AF79-9CC42059A86F}.Ad-Hoc|iPhone.Build.0 = Debug|iPhoneSimulator
		{1F3D908A-5EB9-4936-AF79-9CC42059A86F}.Ad-Hoc|iPhoneSimulator.ActiveCfg = Debug|iPhoneSimulator
		{1F3D908A-5EB9-4936-AF79-9CC42059A86F}.Ad-Hoc|iPhoneSimulator.Build.0 = Debug|iPhoneSimulator
		{1F3D908A-5EB9-4936-AF79-9CC42059A86F}.Ad-Hoc|x64.ActiveCfg = Debug|iPhoneSimulator
		{1F3D908A-5EB9-4936-AF79-9CC42059A86F}.Ad-Hoc|x64.Build.0 = Debug|iPhoneSimulator
		{1F3D908A-5EB9-4936-AF79-9CC42059A86F}.Ad-Hoc|x86.ActiveCfg = Debug|iPhoneSimulator
		{1F3D908A-5EB9-4936-AF79-9CC42059A86F}.Ad-Hoc|x86.Build.0 = Debug|iPhoneSimulator
		{1F3D908A-5EB9-4936-AF79-9CC42059A86F}.AppStore|Any CPU.ActiveCfg = Debug|iPhoneSimulator
		{1F3D908A-5EB9-4936-AF79-9CC42059A86F}.AppStore|Any CPU.Build.0 = Debug|iPhoneSimulator
		{1F3D908A-5EB9-4936-AF79-9CC42059A86F}.AppStore|ARM.ActiveCfg = Debug|iPhoneSimulator
		{1F3D908A-5EB9-4936-AF79-9CC42059A86F}.AppStore|ARM.Build.0 = Debug|iPhoneSimulator
		{1F3D908A-5EB9-4936-AF79-9CC42059A86F}.AppStore|ARM64.ActiveCfg = Debug|iPhoneSimulator
		{1F3D908A-5EB9-4936-AF79-9CC42059A86F}.AppStore|ARM64.Build.0 = Debug|iPhoneSimulator
		{1F3D908A-5EB9-4936-AF79-9CC42059A86F}.AppStore|iPhone.ActiveCfg = Debug|iPhoneSimulator
		{1F3D908A-5EB9-4936-AF79-9CC42059A86F}.AppStore|iPhone.Build.0 = Debug|iPhoneSimulator
		{1F3D908A-5EB9-4936-AF79-9CC42059A86F}.AppStore|iPhoneSimulator.ActiveCfg = Debug|iPhoneSimulator
		{1F3D908A-5EB9-4936-AF79-9CC42059A86F}.AppStore|iPhoneSimulator.Build.0 = Debug|iPhoneSimulator
		{1F3D908A-5EB9-4936-AF79-9CC42059A86F}.AppStore|x64.ActiveCfg = Debug|iPhoneSimulator
		{1F3D908A-5EB9-4936-AF79-9CC42059A86F}.AppStore|x64.Build.0 = Debug|iPhoneSimulator
		{1F3D908A-5EB9-4936-AF79-9CC42059A86F}.AppStore|x86.ActiveCfg = Debug|iPhoneSimulator
		{1F3D908A-5EB9-4936-AF79-9CC42059A86F}.AppStore|x86.Build.0 = Debug|iPhoneSimulator
		{1F3D908A-5EB9-4936-AF79-9CC42059A86F}.Debug|Any CPU.ActiveCfg = Debug|iPhoneSimulator
		{1F3D908A-5EB9-4936-AF79-9CC42059A86F}.Debug|Any CPU.Build.0 = Debug|iPhoneSimulator
		{1F3D908A-5EB9-4936-AF79-9CC42059A86F}.Debug|ARM.ActiveCfg = Debug|iPhoneSimulator
		{1F3D908A-5EB9-4936-AF79-9CC42059A86F}.Debug|ARM.Build.0 = Debug|iPhoneSimulator
		{1F3D908A-5EB9-4936-AF79-9CC42059A86F}.Debug|ARM64.ActiveCfg = Debug|iPhoneSimulator
		{1F3D908A-5EB9-4936-AF79-9CC42059A86F}.Debug|ARM64.Build.0 = Debug|iPhoneSimulator
		{1F3D908A-5EB9-4936-AF79-9CC42059A86F}.Debug|iPhone.ActiveCfg = Debug|iPhoneSimulator
		{1F3D908A-5EB9-4936-AF79-9CC42059A86F}.Debug|iPhone.Build.0 = Debug|iPhoneSimulator
		{1F3D908A-5EB9-4936-AF79-9CC42059A86F}.Debug|iPhoneSimulator.ActiveCfg = Debug|iPhoneSimulator
		{1F3D908A-5EB9-4936-AF79-9CC42059A86F}.Debug|iPhoneSimulator.Build.0 = Debug|iPhoneSimulator
		{1F3D908A-5EB9-4936-AF79-9CC42059A86F}.Debug|x64.ActiveCfg = Debug|iPhoneSimulator
		{1F3D908A-5EB9-4936-AF79-9CC42059A86F}.Debug|x64.Build.0 = Debug|iPhoneSimulator
		{1F3D908A-5EB9-4936-AF79-9CC42059A86F}.Debug|x86.ActiveCfg = Debug|iPhoneSimulator
		{1F3D908A-5EB9-4936-AF79-9CC42059A86F}.Debug|x86.Build.0 = Debug|iPhoneSimulator
		{1F3D908A-5EB9-4936-AF79-9CC42059A86F}.Release|Any CPU.ActiveCfg = Release|iPhoneSimulator
		{1F3D908A-5EB9-4936-AF79-9CC42059A86F}.Release|Any CPU.Build.0 = Release|iPhoneSimulator
		{1F3D908A-5EB9-4936-AF79-9CC42059A86F}.Release|ARM.ActiveCfg = Release|iPhoneSimulator
		{1F3D908A-5EB9-4936-AF79-9CC42059A86F}.Release|ARM.Build.0 = Release|iPhoneSimulator
		{1F3D908A-5EB9-4936-AF79-9CC42059A86F}.Release|ARM64.ActiveCfg = Release|iPhoneSimulator
		{1F3D908A-5EB9-4936-AF79-9CC42059A86F}.Release|ARM64.Build.0 = Release|iPhoneSimulator
		{1F3D908A-5EB9-4936-AF79-9CC42059A86F}.Release|iPhone.ActiveCfg = Release|iPhoneSimulator
		{1F3D908A-5EB9-4936-AF79-9CC42059A86F}.Release|iPhone.Build.0 = Release|iPhoneSimulator
		{1F3D908A-5EB9-4936-AF79-9CC42059A86F}.Release|iPhoneSimulator.ActiveCfg = Release|iPhoneSimulator
		{1F3D908A-5EB9-4936-AF79-9CC42059A86F}.Release|iPhoneSimulator.Build.0 = Release|iPhoneSimulator
		{1F3D908A-5EB9-4936-AF79-9CC42059A86F}.Release|x64.ActiveCfg = Release|iPhoneSimulator
		{1F3D908A-5EB9-4936-AF79-9CC42059A86F}.Release|x64.Build.0 = Release|iPhoneSimulator
		{1F3D908A-5EB9-4936-AF79-9CC42059A86F}.Release|x86.ActiveCfg = Release|iPhoneSimulator
		{1F3D908A-5EB9-4936-AF79-9CC42059A86F}.Release|x86.Build.0 = Release|iPhoneSimulator
		{A2CA3C72-9929-4276-885C-2F5B7A8F2A49}.Ad-Hoc|Any CPU.ActiveCfg = Debug|Any CPU
		{A2CA3C72-9929-4276-885C-2F5B7A8F2A49}.Ad-Hoc|Any CPU.Build.0 = Debug|Any CPU
		{A2CA3C72-9929-4276-885C-2F5B7A8F2A49}.Ad-Hoc|ARM.ActiveCfg = Debug|Any CPU
		{A2CA3C72-9929-4276-885C-2F5B7A8F2A49}.Ad-Hoc|ARM.Build.0 = Debug|Any CPU
		{A2CA3C72-9929-4276-885C-2F5B7A8F2A49}.Ad-Hoc|ARM64.ActiveCfg = Debug|Any CPU
		{A2CA3C72-9929-4276-885C-2F5B7A8F2A49}.Ad-Hoc|ARM64.Build.0 = Debug|Any CPU
		{A2CA3C72-9929-4276-885C-2F5B7A8F2A49}.Ad-Hoc|iPhone.ActiveCfg = Debug|Any CPU
		{A2CA3C72-9929-4276-885C-2F5B7A8F2A49}.Ad-Hoc|iPhone.Build.0 = Debug|Any CPU
		{A2CA3C72-9929-4276-885C-2F5B7A8F2A49}.Ad-Hoc|iPhoneSimulator.ActiveCfg = Debug|Any CPU
		{A2CA3C72-9929-4276-885C-2F5B7A8F2A49}.Ad-Hoc|iPhoneSimulator.Build.0 = Debug|Any CPU
		{A2CA3C72-9929-4276-885C-2F5B7A8F2A49}.Ad-Hoc|x64.ActiveCfg = Debug|Any CPU
		{A2CA3C72-9929-4276-885C-2F5B7A8F2A49}.Ad-Hoc|x64.Build.0 = Debug|Any CPU
		{A2CA3C72-9929-4276-885C-2F5B7A8F2A49}.Ad-Hoc|x86.ActiveCfg = Debug|Any CPU
		{A2CA3C72-9929-4276-885C-2F5B7A8F2A49}.Ad-Hoc|x86.Build.0 = Debug|Any CPU
		{A2CA3C72-9929-4276-885C-2F5B7A8F2A49}.AppStore|Any CPU.ActiveCfg = Debug|Any CPU
		{A2CA3C72-9929-4276-885C-2F5B7A8F2A49}.AppStore|Any CPU.Build.0 = Debug|Any CPU
		{A2CA3C72-9929-4276-885C-2F5B7A8F2A49}.AppStore|ARM.ActiveCfg = Debug|Any CPU
		{A2CA3C72-9929-4276-885C-2F5B7A8F2A49}.AppStore|ARM.Build.0 = Debug|Any CPU
		{A2CA3C72-9929-4276-885C-2F5B7A8F2A49}.AppStore|ARM64.ActiveCfg = Debug|Any CPU
		{A2CA3C72-9929-4276-885C-2F5B7A8F2A49}.AppStore|ARM64.Build.0 = Debug|Any CPU
		{A2CA3C72-9929-4276-885C-2F5B7A8F2A49}.AppStore|iPhone.ActiveCfg = Debug|Any CPU
		{A2CA3C72-9929-4276-885C-2F5B7A8F2A49}.AppStore|iPhone.Build.0 = Debug|Any CPU
		{A2CA3C72-9929-4276-885C-2F5B7A8F2A49}.AppStore|iPhoneSimulator.ActiveCfg = Debug|Any CPU
		{A2CA3C72-9929-4276-885C-2F5B7A8F2A49}.AppStore|iPhoneSimulator.Build.0 = Debug|Any CPU
		{A2CA3C72-9929-4276-885C-2F5B7A8F2A49}.AppStore|x64.ActiveCfg = Debug|Any CPU
		{A2CA3C72-9929-4276-885C-2F5B7A8F2A49}.AppStore|x64.Build.0 = Debug|Any CPU
		{A2CA3C72-9929-4276-885C-2F5B7A8F2A49}.AppStore|x86.ActiveCfg = Debug|Any CPU
		{A2CA3C72-9929-4276-885C-2F5B7A8F2A49}.AppStore|x86.Build.0 = Debug|Any CPU
		{A2CA3C72-9929-4276-885C-2F5B7A8F2A49}.Debug|Any CPU.ActiveCfg = Debug|Any CPU
		{A2CA3C72-9929-4276-885C-2F5B7A8F2A49}.Debug|Any CPU.Build.0 = Debug|Any CPU
		{A2CA3C72-9929-4276-885C-2F5B7A8F2A49}.Debug|ARM.ActiveCfg = Debug|Any CPU
		{A2CA3C72-9929-4276-885C-2F5B7A8F2A49}.Debug|ARM.Build.0 = Debug|Any CPU
		{A2CA3C72-9929-4276-885C-2F5B7A8F2A49}.Debug|ARM64.ActiveCfg = Debug|Any CPU
		{A2CA3C72-9929-4276-885C-2F5B7A8F2A49}.Debug|ARM64.Build.0 = Debug|Any CPU
		{A2CA3C72-9929-4276-885C-2F5B7A8F2A49}.Debug|iPhone.ActiveCfg = Debug|Any CPU
		{A2CA3C72-9929-4276-885C-2F5B7A8F2A49}.Debug|iPhone.Build.0 = Debug|Any CPU
		{A2CA3C72-9929-4276-885C-2F5B7A8F2A49}.Debug|iPhoneSimulator.ActiveCfg = Debug|Any CPU
		{A2CA3C72-9929-4276-885C-2F5B7A8F2A49}.Debug|iPhoneSimulator.Build.0 = Debug|Any CPU
		{A2CA3C72-9929-4276-885C-2F5B7A8F2A49}.Debug|x64.ActiveCfg = Debug|Any CPU
		{A2CA3C72-9929-4276-885C-2F5B7A8F2A49}.Debug|x64.Build.0 = Debug|Any CPU
		{A2CA3C72-9929-4276-885C-2F5B7A8F2A49}.Debug|x86.ActiveCfg = Debug|Any CPU
		{A2CA3C72-9929-4276-885C-2F5B7A8F2A49}.Debug|x86.Build.0 = Debug|Any CPU
		{A2CA3C72-9929-4276-885C-2F5B7A8F2A49}.Release|Any CPU.ActiveCfg = Release|Any CPU
		{A2CA3C72-9929-4276-885C-2F5B7A8F2A49}.Release|Any CPU.Build.0 = Release|Any CPU
		{A2CA3C72-9929-4276-885C-2F5B7A8F2A49}.Release|ARM.ActiveCfg = Release|Any CPU
		{A2CA3C72-9929-4276-885C-2F5B7A8F2A49}.Release|ARM.Build.0 = Release|Any CPU
		{A2CA3C72-9929-4276-885C-2F5B7A8F2A49}.Release|ARM64.ActiveCfg = Release|Any CPU
		{A2CA3C72-9929-4276-885C-2F5B7A8F2A49}.Release|ARM64.Build.0 = Release|Any CPU
		{A2CA3C72-9929-4276-885C-2F5B7A8F2A49}.Release|iPhone.ActiveCfg = Release|Any CPU
		{A2CA3C72-9929-4276-885C-2F5B7A8F2A49}.Release|iPhone.Build.0 = Release|Any CPU
		{A2CA3C72-9929-4276-885C-2F5B7A8F2A49}.Release|iPhoneSimulator.ActiveCfg = Release|Any CPU
		{A2CA3C72-9929-4276-885C-2F5B7A8F2A49}.Release|iPhoneSimulator.Build.0 = Release|Any CPU
		{A2CA3C72-9929-4276-885C-2F5B7A8F2A49}.Release|x64.ActiveCfg = Release|Any CPU
		{A2CA3C72-9929-4276-885C-2F5B7A8F2A49}.Release|x64.Build.0 = Release|Any CPU
		{A2CA3C72-9929-4276-885C-2F5B7A8F2A49}.Release|x86.ActiveCfg = Release|Any CPU
		{A2CA3C72-9929-4276-885C-2F5B7A8F2A49}.Release|x86.Build.0 = Release|Any CPU
		{BDB73001-B615-460F-AE53-6DACA600D3ED}.Ad-Hoc|Any CPU.ActiveCfg = Debug|Any CPU
		{BDB73001-B615-460F-AE53-6DACA600D3ED}.Ad-Hoc|Any CPU.Build.0 = Debug|Any CPU
		{BDB73001-B615-460F-AE53-6DACA600D3ED}.Ad-Hoc|ARM.ActiveCfg = Debug|Any CPU
		{BDB73001-B615-460F-AE53-6DACA600D3ED}.Ad-Hoc|ARM.Build.0 = Debug|Any CPU
		{BDB73001-B615-460F-AE53-6DACA600D3ED}.Ad-Hoc|ARM64.ActiveCfg = Debug|Any CPU
		{BDB73001-B615-460F-AE53-6DACA600D3ED}.Ad-Hoc|ARM64.Build.0 = Debug|Any CPU
		{BDB73001-B615-460F-AE53-6DACA600D3ED}.Ad-Hoc|iPhone.ActiveCfg = Debug|Any CPU
		{BDB73001-B615-460F-AE53-6DACA600D3ED}.Ad-Hoc|iPhone.Build.0 = Debug|Any CPU
		{BDB73001-B615-460F-AE53-6DACA600D3ED}.Ad-Hoc|iPhoneSimulator.ActiveCfg = Debug|Any CPU
		{BDB73001-B615-460F-AE53-6DACA600D3ED}.Ad-Hoc|iPhoneSimulator.Build.0 = Debug|Any CPU
		{BDB73001-B615-460F-AE53-6DACA600D3ED}.Ad-Hoc|x64.ActiveCfg = Debug|Any CPU
		{BDB73001-B615-460F-AE53-6DACA600D3ED}.Ad-Hoc|x64.Build.0 = Debug|Any CPU
		{BDB73001-B615-460F-AE53-6DACA600D3ED}.Ad-Hoc|x86.ActiveCfg = Debug|Any CPU
		{BDB73001-B615-460F-AE53-6DACA600D3ED}.Ad-Hoc|x86.Build.0 = Debug|Any CPU
		{BDB73001-B615-460F-AE53-6DACA600D3ED}.AppStore|Any CPU.ActiveCfg = Debug|Any CPU
		{BDB73001-B615-460F-AE53-6DACA600D3ED}.AppStore|Any CPU.Build.0 = Debug|Any CPU
		{BDB73001-B615-460F-AE53-6DACA600D3ED}.AppStore|ARM.ActiveCfg = Debug|Any CPU
		{BDB73001-B615-460F-AE53-6DACA600D3ED}.AppStore|ARM.Build.0 = Debug|Any CPU
		{BDB73001-B615-460F-AE53-6DACA600D3ED}.AppStore|ARM64.ActiveCfg = Debug|Any CPU
		{BDB73001-B615-460F-AE53-6DACA600D3ED}.AppStore|ARM64.Build.0 = Debug|Any CPU
		{BDB73001-B615-460F-AE53-6DACA600D3ED}.AppStore|iPhone.ActiveCfg = Debug|Any CPU
		{BDB73001-B615-460F-AE53-6DACA600D3ED}.AppStore|iPhone.Build.0 = Debug|Any CPU
		{BDB73001-B615-460F-AE53-6DACA600D3ED}.AppStore|iPhoneSimulator.ActiveCfg = Debug|Any CPU
		{BDB73001-B615-460F-AE53-6DACA600D3ED}.AppStore|iPhoneSimulator.Build.0 = Debug|Any CPU
		{BDB73001-B615-460F-AE53-6DACA600D3ED}.AppStore|x64.ActiveCfg = Debug|Any CPU
		{BDB73001-B615-460F-AE53-6DACA600D3ED}.AppStore|x64.Build.0 = Debug|Any CPU
		{BDB73001-B615-460F-AE53-6DACA600D3ED}.AppStore|x86.ActiveCfg = Debug|Any CPU
		{BDB73001-B615-460F-AE53-6DACA600D3ED}.AppStore|x86.Build.0 = Debug|Any CPU
		{BDB73001-B615-460F-AE53-6DACA600D3ED}.Debug|Any CPU.ActiveCfg = Debug|Any CPU
		{BDB73001-B615-460F-AE53-6DACA600D3ED}.Debug|Any CPU.Build.0 = Debug|Any CPU
		{BDB73001-B615-460F-AE53-6DACA600D3ED}.Debug|ARM.ActiveCfg = Debug|Any CPU
		{BDB73001-B615-460F-AE53-6DACA600D3ED}.Debug|ARM.Build.0 = Debug|Any CPU
		{BDB73001-B615-460F-AE53-6DACA600D3ED}.Debug|ARM64.ActiveCfg = Debug|Any CPU
		{BDB73001-B615-460F-AE53-6DACA600D3ED}.Debug|ARM64.Build.0 = Debug|Any CPU
		{BDB73001-B615-460F-AE53-6DACA600D3ED}.Debug|iPhone.ActiveCfg = Debug|Any CPU
		{BDB73001-B615-460F-AE53-6DACA600D3ED}.Debug|iPhone.Build.0 = Debug|Any CPU
		{BDB73001-B615-460F-AE53-6DACA600D3ED}.Debug|iPhoneSimulator.ActiveCfg = Debug|Any CPU
		{BDB73001-B615-460F-AE53-6DACA600D3ED}.Debug|iPhoneSimulator.Build.0 = Debug|Any CPU
		{BDB73001-B615-460F-AE53-6DACA600D3ED}.Debug|x64.ActiveCfg = Debug|Any CPU
		{BDB73001-B615-460F-AE53-6DACA600D3ED}.Debug|x64.Build.0 = Debug|Any CPU
		{BDB73001-B615-460F-AE53-6DACA600D3ED}.Debug|x86.ActiveCfg = Debug|Any CPU
		{BDB73001-B615-460F-AE53-6DACA600D3ED}.Debug|x86.Build.0 = Debug|Any CPU
		{BDB73001-B615-460F-AE53-6DACA600D3ED}.Release|Any CPU.ActiveCfg = Release|Any CPU
		{BDB73001-B615-460F-AE53-6DACA600D3ED}.Release|Any CPU.Build.0 = Release|Any CPU
		{BDB73001-B615-460F-AE53-6DACA600D3ED}.Release|ARM.ActiveCfg = Release|Any CPU
		{BDB73001-B615-460F-AE53-6DACA600D3ED}.Release|ARM.Build.0 = Release|Any CPU
		{BDB73001-B615-460F-AE53-6DACA600D3ED}.Release|ARM64.ActiveCfg = Release|Any CPU
		{BDB73001-B615-460F-AE53-6DACA600D3ED}.Release|ARM64.Build.0 = Release|Any CPU
		{BDB73001-B615-460F-AE53-6DACA600D3ED}.Release|iPhone.ActiveCfg = Release|Any CPU
		{BDB73001-B615-460F-AE53-6DACA600D3ED}.Release|iPhone.Build.0 = Release|Any CPU
		{BDB73001-B615-460F-AE53-6DACA600D3ED}.Release|iPhoneSimulator.ActiveCfg = Release|Any CPU
		{BDB73001-B615-460F-AE53-6DACA600D3ED}.Release|iPhoneSimulator.Build.0 = Release|Any CPU
		{BDB73001-B615-460F-AE53-6DACA600D3ED}.Release|x64.ActiveCfg = Release|Any CPU
		{BDB73001-B615-460F-AE53-6DACA600D3ED}.Release|x64.Build.0 = Release|Any CPU
		{BDB73001-B615-460F-AE53-6DACA600D3ED}.Release|x86.ActiveCfg = Release|Any CPU
		{BDB73001-B615-460F-AE53-6DACA600D3ED}.Release|x86.Build.0 = Release|Any CPU
		{87968C0B-39A2-4E41-8C63-BF8E6A1F18FE}.Ad-Hoc|Any CPU.ActiveCfg = Debug|Any CPU
		{87968C0B-39A2-4E41-8C63-BF8E6A1F18FE}.Ad-Hoc|Any CPU.Build.0 = Debug|Any CPU
		{87968C0B-39A2-4E41-8C63-BF8E6A1F18FE}.Ad-Hoc|ARM.ActiveCfg = Debug|Any CPU
		{87968C0B-39A2-4E41-8C63-BF8E6A1F18FE}.Ad-Hoc|ARM.Build.0 = Debug|Any CPU
		{87968C0B-39A2-4E41-8C63-BF8E6A1F18FE}.Ad-Hoc|ARM64.ActiveCfg = Debug|Any CPU
		{87968C0B-39A2-4E41-8C63-BF8E6A1F18FE}.Ad-Hoc|ARM64.Build.0 = Debug|Any CPU
		{87968C0B-39A2-4E41-8C63-BF8E6A1F18FE}.Ad-Hoc|iPhone.ActiveCfg = Debug|Any CPU
		{87968C0B-39A2-4E41-8C63-BF8E6A1F18FE}.Ad-Hoc|iPhone.Build.0 = Debug|Any CPU
		{87968C0B-39A2-4E41-8C63-BF8E6A1F18FE}.Ad-Hoc|iPhoneSimulator.ActiveCfg = Debug|Any CPU
		{87968C0B-39A2-4E41-8C63-BF8E6A1F18FE}.Ad-Hoc|iPhoneSimulator.Build.0 = Debug|Any CPU
		{87968C0B-39A2-4E41-8C63-BF8E6A1F18FE}.Ad-Hoc|x64.ActiveCfg = Debug|Any CPU
		{87968C0B-39A2-4E41-8C63-BF8E6A1F18FE}.Ad-Hoc|x64.Build.0 = Debug|Any CPU
		{87968C0B-39A2-4E41-8C63-BF8E6A1F18FE}.Ad-Hoc|x86.ActiveCfg = Debug|Any CPU
		{87968C0B-39A2-4E41-8C63-BF8E6A1F18FE}.Ad-Hoc|x86.Build.0 = Debug|Any CPU
		{87968C0B-39A2-4E41-8C63-BF8E6A1F18FE}.AppStore|Any CPU.ActiveCfg = Debug|Any CPU
		{87968C0B-39A2-4E41-8C63-BF8E6A1F18FE}.AppStore|Any CPU.Build.0 = Debug|Any CPU
		{87968C0B-39A2-4E41-8C63-BF8E6A1F18FE}.AppStore|ARM.ActiveCfg = Debug|Any CPU
		{87968C0B-39A2-4E41-8C63-BF8E6A1F18FE}.AppStore|ARM.Build.0 = Debug|Any CPU
		{87968C0B-39A2-4E41-8C63-BF8E6A1F18FE}.AppStore|ARM64.ActiveCfg = Debug|Any CPU
		{87968C0B-39A2-4E41-8C63-BF8E6A1F18FE}.AppStore|ARM64.Build.0 = Debug|Any CPU
		{87968C0B-39A2-4E41-8C63-BF8E6A1F18FE}.AppStore|iPhone.ActiveCfg = Debug|Any CPU
		{87968C0B-39A2-4E41-8C63-BF8E6A1F18FE}.AppStore|iPhone.Build.0 = Debug|Any CPU
		{87968C0B-39A2-4E41-8C63-BF8E6A1F18FE}.AppStore|iPhoneSimulator.ActiveCfg = Debug|Any CPU
		{87968C0B-39A2-4E41-8C63-BF8E6A1F18FE}.AppStore|iPhoneSimulator.Build.0 = Debug|Any CPU
		{87968C0B-39A2-4E41-8C63-BF8E6A1F18FE}.AppStore|x64.ActiveCfg = Debug|Any CPU
		{87968C0B-39A2-4E41-8C63-BF8E6A1F18FE}.AppStore|x64.Build.0 = Debug|Any CPU
		{87968C0B-39A2-4E41-8C63-BF8E6A1F18FE}.AppStore|x86.ActiveCfg = Debug|Any CPU
		{87968C0B-39A2-4E41-8C63-BF8E6A1F18FE}.AppStore|x86.Build.0 = Debug|Any CPU
		{87968C0B-39A2-4E41-8C63-BF8E6A1F18FE}.Debug|Any CPU.ActiveCfg = Debug|Any CPU
		{87968C0B-39A2-4E41-8C63-BF8E6A1F18FE}.Debug|Any CPU.Build.0 = Debug|Any CPU
		{87968C0B-39A2-4E41-8C63-BF8E6A1F18FE}.Debug|ARM.ActiveCfg = Debug|Any CPU
		{87968C0B-39A2-4E41-8C63-BF8E6A1F18FE}.Debug|ARM.Build.0 = Debug|Any CPU
		{87968C0B-39A2-4E41-8C63-BF8E6A1F18FE}.Debug|ARM64.ActiveCfg = Debug|Any CPU
		{87968C0B-39A2-4E41-8C63-BF8E6A1F18FE}.Debug|ARM64.Build.0 = Debug|Any CPU
		{87968C0B-39A2-4E41-8C63-BF8E6A1F18FE}.Debug|iPhone.ActiveCfg = Debug|Any CPU
		{87968C0B-39A2-4E41-8C63-BF8E6A1F18FE}.Debug|iPhone.Build.0 = Debug|Any CPU
		{87968C0B-39A2-4E41-8C63-BF8E6A1F18FE}.Debug|iPhoneSimulator.ActiveCfg = Debug|Any CPU
		{87968C0B-39A2-4E41-8C63-BF8E6A1F18FE}.Debug|iPhoneSimulator.Build.0 = Debug|Any CPU
		{87968C0B-39A2-4E41-8C63-BF8E6A1F18FE}.Debug|x64.ActiveCfg = Debug|Any CPU
		{87968C0B-39A2-4E41-8C63-BF8E6A1F18FE}.Debug|x64.Build.0 = Debug|Any CPU
		{87968C0B-39A2-4E41-8C63-BF8E6A1F18FE}.Debug|x86.ActiveCfg = Debug|Any CPU
		{87968C0B-39A2-4E41-8C63-BF8E6A1F18FE}.Debug|x86.Build.0 = Debug|Any CPU
		{87968C0B-39A2-4E41-8C63-BF8E6A1F18FE}.Release|Any CPU.ActiveCfg = Release|Any CPU
		{87968C0B-39A2-4E41-8C63-BF8E6A1F18FE}.Release|Any CPU.Build.0 = Release|Any CPU
		{87968C0B-39A2-4E41-8C63-BF8E6A1F18FE}.Release|ARM.ActiveCfg = Release|Any CPU
		{87968C0B-39A2-4E41-8C63-BF8E6A1F18FE}.Release|ARM.Build.0 = Release|Any CPU
		{87968C0B-39A2-4E41-8C63-BF8E6A1F18FE}.Release|ARM64.ActiveCfg = Release|Any CPU
		{87968C0B-39A2-4E41-8C63-BF8E6A1F18FE}.Release|ARM64.Build.0 = Release|Any CPU
		{87968C0B-39A2-4E41-8C63-BF8E6A1F18FE}.Release|iPhone.ActiveCfg = Release|Any CPU
		{87968C0B-39A2-4E41-8C63-BF8E6A1F18FE}.Release|iPhone.Build.0 = Release|Any CPU
		{87968C0B-39A2-4E41-8C63-BF8E6A1F18FE}.Release|iPhoneSimulator.ActiveCfg = Release|Any CPU
		{87968C0B-39A2-4E41-8C63-BF8E6A1F18FE}.Release|iPhoneSimulator.Build.0 = Release|Any CPU
		{87968C0B-39A2-4E41-8C63-BF8E6A1F18FE}.Release|x64.ActiveCfg = Release|Any CPU
		{87968C0B-39A2-4E41-8C63-BF8E6A1F18FE}.Release|x64.Build.0 = Release|Any CPU
		{87968C0B-39A2-4E41-8C63-BF8E6A1F18FE}.Release|x86.ActiveCfg = Release|Any CPU
		{87968C0B-39A2-4E41-8C63-BF8E6A1F18FE}.Release|x86.Build.0 = Release|Any CPU
		{8BE9ECF9-4B38-4EA2-804D-5D0714585D46}.Ad-Hoc|Any CPU.ActiveCfg = Debug|Any CPU
		{8BE9ECF9-4B38-4EA2-804D-5D0714585D46}.Ad-Hoc|Any CPU.Build.0 = Debug|Any CPU
		{8BE9ECF9-4B38-4EA2-804D-5D0714585D46}.Ad-Hoc|ARM.ActiveCfg = Debug|Any CPU
		{8BE9ECF9-4B38-4EA2-804D-5D0714585D46}.Ad-Hoc|ARM.Build.0 = Debug|Any CPU
		{8BE9ECF9-4B38-4EA2-804D-5D0714585D46}.Ad-Hoc|ARM64.ActiveCfg = Debug|Any CPU
		{8BE9ECF9-4B38-4EA2-804D-5D0714585D46}.Ad-Hoc|ARM64.Build.0 = Debug|Any CPU
		{8BE9ECF9-4B38-4EA2-804D-5D0714585D46}.Ad-Hoc|iPhone.ActiveCfg = Debug|Any CPU
		{8BE9ECF9-4B38-4EA2-804D-5D0714585D46}.Ad-Hoc|iPhone.Build.0 = Debug|Any CPU
		{8BE9ECF9-4B38-4EA2-804D-5D0714585D46}.Ad-Hoc|iPhoneSimulator.ActiveCfg = Debug|Any CPU
		{8BE9ECF9-4B38-4EA2-804D-5D0714585D46}.Ad-Hoc|iPhoneSimulator.Build.0 = Debug|Any CPU
		{8BE9ECF9-4B38-4EA2-804D-5D0714585D46}.Ad-Hoc|x64.ActiveCfg = Debug|Any CPU
		{8BE9ECF9-4B38-4EA2-804D-5D0714585D46}.Ad-Hoc|x64.Build.0 = Debug|Any CPU
		{8BE9ECF9-4B38-4EA2-804D-5D0714585D46}.Ad-Hoc|x86.ActiveCfg = Debug|Any CPU
		{8BE9ECF9-4B38-4EA2-804D-5D0714585D46}.Ad-Hoc|x86.Build.0 = Debug|Any CPU
		{8BE9ECF9-4B38-4EA2-804D-5D0714585D46}.AppStore|Any CPU.ActiveCfg = Debug|Any CPU
		{8BE9ECF9-4B38-4EA2-804D-5D0714585D46}.AppStore|Any CPU.Build.0 = Debug|Any CPU
		{8BE9ECF9-4B38-4EA2-804D-5D0714585D46}.AppStore|ARM.ActiveCfg = Debug|Any CPU
		{8BE9ECF9-4B38-4EA2-804D-5D0714585D46}.AppStore|ARM.Build.0 = Debug|Any CPU
		{8BE9ECF9-4B38-4EA2-804D-5D0714585D46}.AppStore|ARM64.ActiveCfg = Debug|Any CPU
		{8BE9ECF9-4B38-4EA2-804D-5D0714585D46}.AppStore|ARM64.Build.0 = Debug|Any CPU
		{8BE9ECF9-4B38-4EA2-804D-5D0714585D46}.AppStore|iPhone.ActiveCfg = Debug|Any CPU
		{8BE9ECF9-4B38-4EA2-804D-5D0714585D46}.AppStore|iPhone.Build.0 = Debug|Any CPU
		{8BE9ECF9-4B38-4EA2-804D-5D0714585D46}.AppStore|iPhoneSimulator.ActiveCfg = Debug|Any CPU
		{8BE9ECF9-4B38-4EA2-804D-5D0714585D46}.AppStore|iPhoneSimulator.Build.0 = Debug|Any CPU
		{8BE9ECF9-4B38-4EA2-804D-5D0714585D46}.AppStore|x64.ActiveCfg = Debug|Any CPU
		{8BE9ECF9-4B38-4EA2-804D-5D0714585D46}.AppStore|x64.Build.0 = Debug|Any CPU
		{8BE9ECF9-4B38-4EA2-804D-5D0714585D46}.AppStore|x86.ActiveCfg = Debug|Any CPU
		{8BE9ECF9-4B38-4EA2-804D-5D0714585D46}.AppStore|x86.Build.0 = Debug|Any CPU
		{8BE9ECF9-4B38-4EA2-804D-5D0714585D46}.Debug|Any CPU.ActiveCfg = Debug|Any CPU
		{8BE9ECF9-4B38-4EA2-804D-5D0714585D46}.Debug|Any CPU.Build.0 = Debug|Any CPU
		{8BE9ECF9-4B38-4EA2-804D-5D0714585D46}.Debug|ARM.ActiveCfg = Debug|Any CPU
		{8BE9ECF9-4B38-4EA2-804D-5D0714585D46}.Debug|ARM.Build.0 = Debug|Any CPU
		{8BE9ECF9-4B38-4EA2-804D-5D0714585D46}.Debug|ARM64.ActiveCfg = Debug|Any CPU
		{8BE9ECF9-4B38-4EA2-804D-5D0714585D46}.Debug|ARM64.Build.0 = Debug|Any CPU
		{8BE9ECF9-4B38-4EA2-804D-5D0714585D46}.Debug|iPhone.ActiveCfg = Debug|Any CPU
		{8BE9ECF9-4B38-4EA2-804D-5D0714585D46}.Debug|iPhone.Build.0 = Debug|Any CPU
		{8BE9ECF9-4B38-4EA2-804D-5D0714585D46}.Debug|iPhoneSimulator.ActiveCfg = Debug|Any CPU
		{8BE9ECF9-4B38-4EA2-804D-5D0714585D46}.Debug|iPhoneSimulator.Build.0 = Debug|Any CPU
		{8BE9ECF9-4B38-4EA2-804D-5D0714585D46}.Debug|x64.ActiveCfg = Debug|Any CPU
		{8BE9ECF9-4B38-4EA2-804D-5D0714585D46}.Debug|x64.Build.0 = Debug|Any CPU
		{8BE9ECF9-4B38-4EA2-804D-5D0714585D46}.Debug|x86.ActiveCfg = Debug|Any CPU
		{8BE9ECF9-4B38-4EA2-804D-5D0714585D46}.Debug|x86.Build.0 = Debug|Any CPU
		{8BE9ECF9-4B38-4EA2-804D-5D0714585D46}.Release|Any CPU.ActiveCfg = Release|Any CPU
		{8BE9ECF9-4B38-4EA2-804D-5D0714585D46}.Release|Any CPU.Build.0 = Release|Any CPU
		{8BE9ECF9-4B38-4EA2-804D-5D0714585D46}.Release|ARM.ActiveCfg = Release|Any CPU
		{8BE9ECF9-4B38-4EA2-804D-5D0714585D46}.Release|ARM.Build.0 = Release|Any CPU
		{8BE9ECF9-4B38-4EA2-804D-5D0714585D46}.Release|ARM64.ActiveCfg = Release|Any CPU
		{8BE9ECF9-4B38-4EA2-804D-5D0714585D46}.Release|ARM64.Build.0 = Release|Any CPU
		{8BE9ECF9-4B38-4EA2-804D-5D0714585D46}.Release|iPhone.ActiveCfg = Release|Any CPU
		{8BE9ECF9-4B38-4EA2-804D-5D0714585D46}.Release|iPhone.Build.0 = Release|Any CPU
		{8BE9ECF9-4B38-4EA2-804D-5D0714585D46}.Release|iPhoneSimulator.ActiveCfg = Release|Any CPU
		{8BE9ECF9-4B38-4EA2-804D-5D0714585D46}.Release|iPhoneSimulator.Build.0 = Release|Any CPU
		{8BE9ECF9-4B38-4EA2-804D-5D0714585D46}.Release|x64.ActiveCfg = Release|Any CPU
		{8BE9ECF9-4B38-4EA2-804D-5D0714585D46}.Release|x64.Build.0 = Release|Any CPU
		{8BE9ECF9-4B38-4EA2-804D-5D0714585D46}.Release|x86.ActiveCfg = Release|Any CPU
		{8BE9ECF9-4B38-4EA2-804D-5D0714585D46}.Release|x86.Build.0 = Release|Any CPU
	EndGlobalSection
	GlobalSection(SolutionProperties) = preSolution
		HideSolutionNode = FALSE
	EndGlobalSection
	GlobalSection(NestedProjects) = preSolution
		{A415768D-5BE8-4655-AD98-266C259370B0} = {EBCFF66D-F185-4AFA-9ECA-9EB2B07383E5}
		{420CD895-073C-4E6E-832F-C6FE359A251C} = {EBCFF66D-F185-4AFA-9ECA-9EB2B07383E5}
		{5C70C219-DC8C-4756-B348-23E455E08835} = {EBCFF66D-F185-4AFA-9ECA-9EB2B07383E5}
		{52C1AAB7-0ADA-44DF-886D-141EFF2EA9BF} = {EBCFF66D-F185-4AFA-9ECA-9EB2B07383E5}
		{1F3D908A-5EB9-4936-AF79-9CC42059A86F} = {EBCFF66D-F185-4AFA-9ECA-9EB2B07383E5}
		{A2CA3C72-9929-4276-885C-2F5B7A8F2A49} = {EBCFF66D-F185-4AFA-9ECA-9EB2B07383E5}
		{BDB73001-B615-460F-AE53-6DACA600D3ED} = {EBCFF66D-F185-4AFA-9ECA-9EB2B07383E5}
		{87968C0B-39A2-4E41-8C63-BF8E6A1F18FE} = {EBCFF66D-F185-4AFA-9ECA-9EB2B07383E5}
		{8BE9ECF9-4B38-4EA2-804D-5D0714585D46} = {EBCFF66D-F185-4AFA-9ECA-9EB2B07383E5}
	EndGlobalSection
	GlobalSection(ExtensibilityGlobals) = postSolution
		SolutionGuid = {4C9D4A79-D16E-4EA1-9BA1-2D8CFCAF1FC0}
	EndGlobalSection
EndGlobal
